Microsoft Visual Studio Solution File, Format Version 12.00
# Visual Studio Version 16
VisualStudioVersion = 16.0.28803.452
MinimumVisualStudioVersion = 10.0.40219.1
Project("{FAE04EC0-301F-11D3-BF4B-00C04F79EFBC}") = "ServiceBusManagementConsole", "ServiceBusManagementConsole\ServiceBusManagementConsole.csproj", "{24831F74-80FE-4E83-ACE4-690FD5FF727A}"
EndProject
Global
	GlobalSection(SolutionConfigurationPlatforms) = preSolution
		Debug|Any CPU = Debug|Any CPU
		Release|Any CPU = Release|Any CPU
	EndGlobalSection
	GlobalSection(ProjectConfigurationPlatforms) = postSolution
		{24831F74-80FE-4E83-ACE4-690FD5FF727A}.Debug|Any CPU.ActiveCfg = Debug|Any CPU
		{24831F74-80FE-4E83-ACE4-690FD5FF727A}.Debug|Any CPU.Build.0 = Debug|Any CPU
		{24831F74-80FE-4E83-ACE4-690FD5FF727A}.Release|Any CPU.ActiveCfg = Release|Any CPU
		{24831F74-80FE-4E83-ACE4-690FD5FF727A}.Release|Any CPU.Build.0 = Release|Any CPU
	EndGlobalSection
	GlobalSection(SolutionProperties) = preSolution
		HideSolutionNode = FALSE
	EndGlobalSection
	GlobalSection(ExtensibilityGlobals) = postSolution
		SolutionGuid = {8F83558B-9D24-45B0-984C-D28A12749B99}
	EndGlobalSection
EndGlobal
